// !$*UTF8*$!
{
	archiveVersion = 1;
	classes = {
	};
	objectVersion = 50;
	objects = {

/* Begin PBXBuildFile section */
		7EFD68442102665B00B0D994 /* AppDelegate.swift in Sources */ = {isa = PBXBuildFile; fileRef = 7EFD68432102665B00B0D994 /* AppDelegate.swift */; };
		7EFD68492102665B00B0D994 /* Main.storyboard in Resources */ = {isa = PBXBuildFile; fileRef = 7EFD68472102665B00B0D994 /* Main.storyboard */; };
		7EFD684B2102665B00B0D994 /* Assets.xcassets in Resources */ = {isa = PBXBuildFile; fileRef = 7EFD684A2102665B00B0D994 /* Assets.xcassets */; };
		7EFD684E2102665B00B0D994 /* LaunchScreen.storyboard in Resources */ = {isa = PBXBuildFile; fileRef = 7EFD684C2102665B00B0D994 /* LaunchScreen.storyboard */; };
		7EFD685621064E6E00B0D994 /* AddNewQuestionViewController.swift in Sources */ = {isa = PBXBuildFile; fileRef = 7EFD685521064E6E00B0D994 /* AddNewQuestionViewController.swift */; };
		7EFD68582106542600B0D994 /* TriviaQuestion.swift in Sources */ = {isa = PBXBuildFile; fileRef = 7EFD68572106542600B0D994 /* TriviaQuestion.swift */; };
		7EFD685B21065E4600B0D994 /* QuizViewController.swift in Sources */ = {isa = PBXBuildFile; fileRef = 7EFD685A21065E4600B0D994 /* QuizViewController.swift */; };
/* End PBXBuildFile section */

/* Begin PBXFileReference section */
		7EFD68402102665B00B0D994 /* triviaBois.app */ = {isa = PBXFileReference; explicitFileType = wrapper.application; includeInIndex = 0; path = triviaBois.app; sourceTree = BUILT_PRODUCTS_DIR; };
		7EFD68432102665B00B0D994 /* AppDelegate.swift */ = {isa = PBXFileReference; lastKnownFileType = sourcecode.swift; path = AppDelegate.swift; sourceTree = "<group>"; };
		7EFD68482102665B00B0D994 /* Base */ = {isa = PBXFileReference; lastKnownFileType = file.storyboard; name = Base; path = Base.lproj/Main.storyboard; sourceTree = "<group>"; };
		7EFD684A2102665B00B0D994 /* Assets.xcassets */ = {isa = PBXFileReference; lastKnownFileType = folder.assetcatalog; path = Assets.xcassets; sourceTree = "<group>"; };
		7EFD684D2102665B00B0D994 /* Base */ = {isa = PBXFileReference; lastKnownFileType = file.storyboard; name = Base; path = Base.lproj/LaunchScreen.storyboard; sourceTree = "<group>"; };
		7EFD684F2102665B00B0D994 /* Info.plist */ = {isa = PBXFileReference; lastKnownFileType = text.plist.xml; path = Info.plist; sourceTree = "<group>"; };
		7EFD685521064E6E00B0D994 /* AddNewQuestionViewController.swift */ = {isa = PBXFileReference; lastKnownFileType = sourcecode.swift; path = AddNewQuestionViewController.swift; sourceTree = "<group>"; };
		7EFD68572106542600B0D994 /* TriviaQuestion.swift */ = {isa = PBXFileReference; lastKnownFileType = sourcecode.swift; path = TriviaQuestion.swift; sourceTree = "<group>"; };
		7EFD685A21065E4600B0D994 /* QuizViewController.swift */ = {isa = PBXFileReference; fileEncoding = 4; lastKnownFileType = sourcecode.swift; path = QuizViewController.swift; sourceTree = "<group>"; };
/* End PBXFileReference section */

/* Begin PBXFrameworksBuildPhase section */
		7EFD683D2102665B00B0D994 /* Frameworks */ = {
			isa = PBXFrameworksBuildPhase;
			buildActionMask = 2147483647;
			files = (
			);
			runOnlyForDeploymentPostprocessing = 0;
		};
/* End PBXFrameworksBuildPhase section */

/* Begin PBXGroup section */
		7EFD68372102665B00B0D994 = {
			isa = PBXGroup;
			children = (
				7EFD68422102665B00B0D994 /* triviaBois */,
				7EFD68412102665B00B0D994 /* Products */,
			);
			sourceTree = "<group>";
		};
		7EFD68412102665B00B0D994 /* Products */ = {
			isa = PBXGroup;
			children = (
				7EFD68402102665B00B0D994 /* triviaBois.app */,
			);
			name = Products;
			sourceTree = "<group>";
		};
		7EFD68422102665B00B0D994 /* triviaBois */ = {
			isa = PBXGroup;
			children = (
				7EFD685C21065EEA00B0D994 /* storyboards */,
				7EFD685921065D9700B0D994 /* View Controllers */,
				7EFD68432102665B00B0D994 /* AppDelegate.swift */,
				7EFD684A2102665B00B0D994 /* Assets.xcassets */,
				7EFD684F2102665B00B0D994 /* Info.plist */,
				7EFD68572106542600B0D994 /* TriviaQuestion.swift */,
			);
			path = triviaBois;
			sourceTree = "<group>";
		};
		7EFD685921065D9700B0D994 /* View Controllers */ = {
			isa = PBXGroup;
			children = (
				7EFD685A21065E4600B0D994 /* QuizViewController.swift */,
				7EFD685521064E6E00B0D994 /* AddNewQuestionViewController.swift */,
			);
			path = "View Controllers";
			sourceTree = "<group>";
		};
		7EFD685C21065EEA00B0D994 /* storyboards */ = {
			isa = PBXGroup;
			children = (
				7EFD68472102665B00B0D994 /* Main.storyboard */,
				7EFD684C2102665B00B0D994 /* LaunchScreen.storyboard */,
			);
			path = storyboards;
			sourceTree = "<group>";
		};
/* End PBXGroup section */

/* Begin PBXNativeTarget section */
		7EFD683F2102665B00B0D994 /* triviaBois */ = {
			isa = PBXNativeTarget;
			buildConfigurationList = 7EFD68522102665B00B0D994 /* Build configuration list for PBXNativeTarget "triviaBois" */;
			buildPhases = (
				7EFD683C2102665B00B0D994 /* Sources */,
				7EFD683D2102665B00B0D994 /* Frameworks */,
				7EFD683E2102665B00B0D994 /* Resources */,
			);
			buildRules = (
			);
			dependencies = (
			);
			name = triviaBois;
			productName = triviaBois;
			productReference = 7EFD68402102665B00B0D994 /* triviaBois.app */;
			productType = "com.apple.product-type.application";
		};
/* End PBXNativeTarget section */

/* Begin PBXProject section */
		7EFD68382102665B00B0D994 /* Project object */ = {
			isa = PBXProject;
			attributes = {
				LastSwiftUpdateCheck = 0940;
				LastUpgradeCheck = 0940;
				ORGANIZATIONNAME = destinycreates;
				TargetAttributes = {
					7EFD683F2102665B00B0D994 = {
						CreatedOnToolsVersion = 9.4.1;
					};
				};
			};
			buildConfigurationList = 7EFD683B2102665B00B0D994 /* Build configuration list for PBXProject "triviaBois" */;
			compatibilityVersion = "Xcode 9.3";
			developmentRegion = en;
			hasScannedForEncodings = 0;
			knownRegions = (
				en,
				Base,
			);
			mainGroup = 7EFD68372102665B00B0D994;
			productRefGroup = 7EFD68412102665B00B0D994 /* Products */;
			projectDirPath = "";
			projectRoot = "";
			targets = (
				7EFD683F2102665B00B0D994 /* triviaBois */,
			);
		};
/* End PBXProject section */

/* Begin PBXResourcesBuildPhase section */
		7EFD683E2102665B00B0D994 /* Resources */ = {
			isa = PBXResourcesBuildPhase;
			buildActionMask = 2147483647;
			files = (
				7EFD684E2102665B00B0D994 /* LaunchScreen.storyboard in Resources */,
				7EFD684B2102665B00B0D994 /* Assets.xcassets in Resources */,
				7EFD68492102665B00B0D994 /* Main.storyboard in Resources */,
			);
			runOnlyForDeploymentPostprocessing = 0;
		};
/* End PBXResourcesBuildPhase section */

/* Begin PBXSourcesBuildPhase section */
		7EFD683C2102665B00B0D994 /* Sources */ = {
			isa = PBXSourcesBuildPhase;
			buildActionMask = 2147483647;
			files = (
				7EFD685B21065E4600B0D994 /* QuizViewController.swift in Sources */,
				7EFD68442102665B00B0D994 /* AppDelegate.swift in Sources */,
				7EFD68582106542600B0D994 /* TriviaQuestion.swift in Sources */,
				7EFD685621064E6E00B0D994 /* AddNewQuestionViewController.swift in Sources */,
			);
			runOnlyForDeploymentPostprocessing = 0;
		};
/* End PBXSourcesBuildPhase section */

/* Begin PBXVariantGroup section */
		7EFD68472102665B00B0D994 /* Main.storyboard */ = {
			isa = PBXVariantGroup;
			children = (
				7EFD68482102665B00B0D994 /* Base */,
			);
			name = Main.storyboard;
			sourceTree = "<group>";
		};
		7EFD684C2102665B00B0D994 /* LaunchScreen.storyboard */ = {
			isa = PBXVariantGroup;
			children = (
				7EFD684D2102665B00B0D994 /* Base */,
			);
			name = LaunchScreen.storyboard;
			sourceTree = "<group>";
		};
/* End PBXVariantGroup section */

/* Begin XCBuildConfiguration section */
		7EFD68502102665B00B0D994 /* Debug */ = {
			isa = XCBuildConfiguration;
			buildSettings = {
				ALWAYS_SEARCH_USER_PATHS = NO;
				CLANG_ANALYZER_NONNULL = YES;
				CLANG_ANALYZER_NUMBER_OBJECT_CONVERSION = YES_AGGRESSIVE;
				CLANG_CXX_LANGUAGE_STANDARD = "gnu++14";
				CLANG_CXX_LIBRARY = "libc++";
				CLANG_ENABLE_MODULES = YES;
				CLANG_ENABLE_OBJC_ARC = YES;
				CLANG_ENABLE_OBJC_WEAK = YES;
				CLANG_WARN_BLOCK_CAPTURE_AUTORELEASING = YES;
				CLANG_WARN_BOOL_CONVERSION = YES;
				CLANG_WARN_COMMA = YES;
				CLANG_WARN_CONSTANT_CONVERSION = YES;
				CLANG_WARN_DEPRECATED_OBJC_IMPLEMENTATIONS = YES;
				CLANG_WARN_DIRECT_OBJC_ISA_USAGE = YES_ERROR;
				CLANG_WARN_DOCUMENTATION_COMMENTS = YES;
				CLANG_WARN_EMPTY_BODY = YES;
				CLANG_WARN_ENUM_CONVERSION = YES;
				CLANG_WARN_INFINITE_RECURSION = YES;
				CLANG_WARN_INT_CONVERSION = YES;
				CLANG_WARN_NON_LITERAL_NULL_CONVERSION = YES;
				CLANG_WARN_OBJC_IMPLICIT_RETAIN_SELF = YES;
				CLANG_WARN_OBJC_LITERAL_CONVERSION = YES;
				CLANG_WARN_OBJC_ROOT_CLASS = YES_ERROR;
				CLANG_WARN_RANGE_LOOP_ANALYSIS = YES;
				CLANG_WARN_STRICT_PROTOTYPES = YES;
				CLANG_WARN_SUSPICIOUS_MOVE = YES;
				CLANG_WARN_UNGUARDED_AVAILABILITY = YES_AGGRESSIVE;
				CLANG_WARN_UNREACHABLE_CODE = YES;
				CLANG_WARN__DUPLICATE_METHOD_MATCH = YES;
				CODE_SIGN_IDENTITY = "iPhone Developer";
				COPY_PHASE_STRIP = NO;
				DEBUG_INFORMATION_FORMAT = dwarf;
				ENABLE_STRICT_OBJC_MSGSEND = YES;
				ENABLE_TESTABILITY = YES;
				GCC_C_LANGUAGE_STANDARD = gnu11;
				GCC_DYNAMIC_NO_PIC = NO;
				GCC_NO_COMMON_BLOCKS = YES;
				GCC_OPTIMIZATION_LEVEL = 0;
				GCC_PREPROCESSOR_DEFINITIONS = (
					"DEBUG=1",
					"$(inherited)",
				);
				GCC_WARN_64_TO_32_BIT_CONVERSION = YES;
				GCC_WARN_ABOUT_RETURN_TYPE = YES_ERROR;
				GCC_WARN_UNDECLARED_SELECTOR = YES;
				GCC_WARN_UNINITIALIZED_AUTOS = YES_AGGRESSIVE;
				GCC_WARN_UNUSED_FUNCTION = YES;
				GCC_WARN_UNUSED_VARIABLE = YES;
				IPHONEOS_DEPLOYMENT_TARGET = 11.4;
				MTL_ENABLE_DEBUG_INFO = YES;
				ONLY_ACTIVE_ARCH = YES;
				SDKROOT = iphoneos;
				SWIFT_ACTIVE_COMPILATION_CONDITIONS = DEBUG;
				SWIFT_OPTIMIZATION_LEVEL = "-Onone";
			};
			name = Debug;
		};
		7EFD68512102665B00B0D994 /* Release */ = {
			isa = XCBuildConfiguration;
			buildSettings = {
				ALWAYS_SEARCH_USER_PATHS = NO;
				CLANG_ANALYZER_NONNULL = YES;
				CLANG_ANALYZER_NUMBER_OBJECT_CONVERSION = YES_AGGRESSIVE;
				CLANG_CXX_LANGUAGE_STANDARD = "gnu++14";
				CLANG_CXX_LIBRARY = "libc++";
				CLANG_ENABLE_MODULES = YES;
				CLANG_ENABLE_OBJC_ARC = YES;
				CLANG_ENABLE_OBJC_WEAK = YES;
				CLANG_WARN_BLOCK_CAPTURE_AUTORELEASING = YES;
				CLANG_WARN_BOOL_CONVERSION = YES;
				CLANG_WARN_COMMA = YES;
				CLANG_WARN_CONSTANT_CONVERSION = YES;
				CLANG_WARN_DEPRECATED_OBJC_IMPLEMENTATIONS = YES;
				CLANG_WARN_DIRECT_OBJC_ISA_USAGE = YES_ERROR;
				CLANG_WARN_DOCUMENTATION_COMMENTS = YES;
				CLANG_WARN_EMPTY_BODY = YES;
				CLANG_WARN_ENUM_CONVERSION = YES;
				CLANG_WARN_INFINITE_RECURSION = YES;
				CLANG_WARN_INT_CONVERSION = YES;
				CLANG_WARN_NON_LITERAL_NULL_CONVERSION = YES;
				CLANG_WARN_OBJC_IMPLICIT_RETAIN_SELF = YES;
				CLANG_WARN_OBJC_LITERAL_CONVERSION = YES;
				CLANG_WARN_OBJC_ROOT_CLASS = YES_ERROR;
				CLANG_WARN_RANGE_LOOP_ANALYSIS = YES;
				CLANG_WARN_STRICT_PROTOTYPES = YES;
				CLANG_WARN_SUSPICIOUS_MOVE = YES;
				CLANG_WARN_UNGUARDED_AVAILABILITY = YES_AGGRESSIVE;
				CLANG_WARN_UNREACHABLE_CODE = YES;
				CLANG_WARN__DUPLICATE_METHOD_MATCH = YES;
				CODE_SIGN_IDENTITY = "iPhone Developer";
				COPY_PHASE_STRIP = NO;
				DEBUG_INFORMATION_FORMAT = "dwarf-with-dsym";
				ENABLE_NS_ASSERTIONS = NO;
				ENABLE_STRICT_OBJC_MSGSEND = YES;
				GCC_C_LANGUAGE_STANDARD = gnu11;
				GCC_NO_COMMON_BLOCKS = YES;
				GCC_WARN_64_TO_32_BIT_CONVERSION = YES;
				GCC_WARN_ABOUT_RETURN_TYPE = YES_ERROR;
				GCC_WARN_UNDECLARED_SELECTOR = YES;
				GCC_WARN_UNINITIALIZED_AUTOS = YES_AGGRESSIVE;
				GCC_WARN_UNUSED_FUNCTION = YES;
				GCC_WARN_UNUSED_VARIABLE = YES;
				IPHONEOS_DEPLOYMENT_TARGET = 11.4;
				MTL_ENABLE_DEBUG_INFO = NO;
				SDKROOT = iphoneos;
				SWIFT_COMPILATION_MODE = wholemodule;
				SWIFT_OPTIMIZATION_LEVEL = "-O";
				VALIDATE_PRODUCT = YES;
			};
			name = Release;
		};
		7EFD68532102665B00B0D994 /* Debug */ = {
			isa = XCBuildConfiguration;
			buildSettings = {
				ASSETCATALOG_COMPILER_APPICON_NAME = AppIcon;
				CODE_SIGN_STYLE = Automatic;
				INFOPLIST_FILE = triviaBois/Info.plist;
				LD_RUNPATH_SEARCH_PATHS = (
					"$(inherited)",
					"@executable_path/Frameworks",
				);
				PRODUCT_BUNDLE_IDENTIFIER = com.DR3AM.triviaBois;
				PRODUCT_NAME = "$(TARGET_NAME)";
				SWIFT_VERSION = 4.0;
				TARGETED_DEVICE_FAMILY = "1,2";
			};
			name = Debug;
		};
		7EFD68542102665B00B0D994 /* Release */ = {
			isa = XCBuildConfiguration;
			buildSettings = {
				ASSETCATALOG_COMPILER_APPICON_NAME = AppIcon;
				CODE_SIGN_STYLE = Automatic;
				INFOPLIST_FILE = triviaBois/Info.plist;
				LD_RUNPATH_SEARCH_PATHS = (
					"$(inherited)",
					"@executable_path/Frameworks",
				);
				PRODUCT_BUNDLE_IDENTIFIER = com.DR3AM.triviaBois;
				PRODUCT_NAME = "$(TARGET_NAME)";
				SWIFT_VERSION = 4.0;
				TARGETED_DEVICE_FAMILY = "1,2";
			};
			name = Release;
		};
/* End XCBuildConfiguration section */

/* Begin XCConfigurationList section */
		7EFD683B2102665B00B0D994 /* Build configuration list for PBXProject "triviaBois" */ = {
			isa = XCConfigurationList;
			buildConfigurations = (
				7EFD68502102665B00B0D994 /* Debug */,
				7EFD68512102665B00B0D994 /* Release */,
			);
			defaultConfigurationIsVisible = 0;
			defaultConfigurationName = Release;
		};
		7EFD68522102665B00B0D994 /* Build configuration list for PBXNativeTarget "triviaBois" */ = {
			isa = XCConfigurationList;
			buildConfigurations = (
				7EFD68532102665B00B0D994 /* Debug */,
				7EFD68542102665B00B0D994 /* Release */,
			);
			defaultConfigurationIsVisible = 0;
			defaultConfigurationName = Release;
		};
/* End XCConfigurationList section */
	};
	rootObject = 7EFD68382102665B00B0D994 /* Project object */;
}
